
Microsoft Visual Studio Solution File, Format Version 12.00
# Visual Studio Version 17
VisualStudioVersion = 17.14.36511.14 d17.14
MinimumVisualStudioVersion = 10.0.40219.1
Project("{FAE04EC0-301F-11D3-BF4B-00C04F79EFBC}") = "Parkeermeter2", "Parkeermeter2\Parkeermeter2.csproj", "{59E9573A-F863-4E28-A05F-DEAD69F0A1E3}"
EndProject
Global
	GlobalSection(SolutionConfigurationPlatforms) = preSolution
		Debug|Any CPU = Debug|Any CPU
		Release|Any CPU = Release|Any CPU
	EndGlobalSection
	GlobalSection(ProjectConfigurationPlatforms) = postSolution
		{59E9573A-F863-4E28-A05F-DEAD69F0A1E3}.Debug|Any CPU.ActiveCfg = Debug|Any CPU
		{59E9573A-F863-4E28-A05F-DEAD69F0A1E3}.Debug|Any CPU.Build.0 = Debug|Any CPU
		{59E9573A-F863-4E28-A05F-DEAD69F0A1E3}.Release|Any CPU.ActiveCfg = Release|Any CPU
		{59E9573A-F863-4E28-A05F-DEAD69F0A1E3}.Release|Any CPU.Build.0 = Release|Any CPU
	EndGlobalSection
	GlobalSection(SolutionProperties) = preSolution
		HideSolutionNode = FALSE
	EndGlobalSection
	GlobalSection(ExtensibilityGlobals) = postSolution
		SolutionGuid = {9AD1D98E-9699-469F-91F3-2F9F1616E7D7}
	EndGlobalSection
EndGlobal
